// !$*UTF8*$!
{
	archiveVersion = 1;
	classes = {
	};
	objectVersion = 56;
	objects = {

/* Begin PBXBuildFile section */
		001DD28E55A628A70FCE97AA /* Pods_ExameniOS_ExameniOSUITests.framework in Frameworks */ = {isa = PBXBuildFile; fileRef = 08B0DC8B5E9303D8EB5D79F6 /* Pods_ExameniOS_ExameniOSUITests.framework */; };
		2292B5A56E6D4DD920AA3063 /* Pods_ExameniOS.framework in Frameworks */ = {isa = PBXBuildFile; fileRef = EE1CF5B90CCF5C6B69D378C2 /* Pods_ExameniOS.framework */; };
		93744F0A28FF51BE00FC318E /* AppDelegate.swift in Sources */ = {isa = PBXBuildFile; fileRef = 93744F0928FF51BE00FC318E /* AppDelegate.swift */; };
		93744F0E28FF51BE00FC318E /* ViewController.swift in Sources */ = {isa = PBXBuildFile; fileRef = 93744F0D28FF51BE00FC318E /* ViewController.swift */; };
		93744F1128FF51BE00FC318E /* Main.storyboard in Resources */ = {isa = PBXBuildFile; fileRef = 93744F0F28FF51BE00FC318E /* Main.storyboard */; };
		93744F1328FF51C100FC318E /* Assets.xcassets in Resources */ = {isa = PBXBuildFile; fileRef = 93744F1228FF51C100FC318E /* Assets.xcassets */; };
		93744F1628FF51C100FC318E /* LaunchScreen.storyboard in Resources */ = {isa = PBXBuildFile; fileRef = 93744F1428FF51C100FC318E /* LaunchScreen.storyboard */; };
		93744F2128FF51C100FC318E /* ExameniOSTests.swift in Sources */ = {isa = PBXBuildFile; fileRef = 93744F2028FF51C100FC318E /* ExameniOSTests.swift */; };
		93744F2B28FF51C100FC318E /* ExameniOSUITests.swift in Sources */ = {isa = PBXBuildFile; fileRef = 93744F2A28FF51C100FC318E /* ExameniOSUITests.swift */; };
		93744F2D28FF51C100FC318E /* ExameniOSUITestsLaunchTests.swift in Sources */ = {isa = PBXBuildFile; fileRef = 93744F2C28FF51C100FC318E /* ExameniOSUITestsLaunchTests.swift */; };
		9375F0C62900A5EF00EC9B8B /* GoogleService-Info.plist in Resources */ = {isa = PBXBuildFile; fileRef = 9375F0C52900A5EF00EC9B8B /* GoogleService-Info.plist */; };
		9375F0C92900A88700EC9B8B /* FirebaseAuth in Frameworks */ = {isa = PBXBuildFile; productRef = 9375F0C82900A88700EC9B8B /* FirebaseAuth */; };
		9375F0CB2900A88700EC9B8B /* FirebaseDatabase in Frameworks */ = {isa = PBXBuildFile; productRef = 9375F0CA2900A88700EC9B8B /* FirebaseDatabase */; };
		9375F0CD2900A88700EC9B8B /* FirebaseFirestore in Frameworks */ = {isa = PBXBuildFile; productRef = 9375F0CC2900A88700EC9B8B /* FirebaseFirestore */; };
		9375F0CF2900A88700EC9B8B /* FirebaseStorage in Frameworks */ = {isa = PBXBuildFile; productRef = 9375F0CE2900A88700EC9B8B /* FirebaseStorage */; };
		9375F0D42900C68500EC9B8B /* MBProgressHUD.m in Sources */ = {isa = PBXBuildFile; fileRef = 9375F0D22900C68300EC9B8B /* MBProgressHUD.m */; };
		93DFB9B429010FDE00624205 /* ViewTMDB.swift in Sources */ = {isa = PBXBuildFile; fileRef = 93DFB9B329010FDE00624205 /* ViewTMDB.swift */; };
		93DFB9B629010FF200624205 /* InteractorTMDB.swift in Sources */ = {isa = PBXBuildFile; fileRef = 93DFB9B529010FF200624205 /* InteractorTMDB.swift */; };
		93DFB9B82901100400624205 /* PresenterTMDB.swift in Sources */ = {isa = PBXBuildFile; fileRef = 93DFB9B72901100400624205 /* PresenterTMDB.swift */; };
		93DFB9BA2901101100624205 /* EntityTMDB.swift in Sources */ = {isa = PBXBuildFile; fileRef = 93DFB9B92901101100624205 /* EntityTMDB.swift */; };
		93DFB9BC2901103700624205 /* RouterTMDB.swift in Sources */ = {isa = PBXBuildFile; fileRef = 93DFB9BB2901103700624205 /* RouterTMDB.swift */; };
		E05965F5EA8E367B4EDB6F50 /* Pods_ExameniOSTests.framework in Frameworks */ = {isa = PBXBuildFile; fileRef = 63400E9A12E16297487B507D /* Pods_ExameniOSTests.framework */; };
/* End PBXBuildFile section */

/* Begin PBXContainerItemProxy section */
		93744F1D28FF51C100FC318E /* PBXContainerItemProxy */ = {
			isa = PBXContainerItemProxy;
			containerPortal = 93744EFE28FF51BE00FC318E /* Project object */;
			proxyType = 1;
			remoteGlobalIDString = 93744F0528FF51BE00FC318E;
			remoteInfo = ExameniOS;
		};
		93744F2728FF51C100FC318E /* PBXContainerItemProxy */ = {
			isa = PBXContainerItemProxy;
			containerPortal = 93744EFE28FF51BE00FC318E /* Project object */;
			proxyType = 1;
			remoteGlobalIDString = 93744F0528FF51BE00FC318E;
			remoteInfo = ExameniOS;
		};
/* End PBXContainerItemProxy section */

/* Begin PBXFileReference section */
		08B0DC8B5E9303D8EB5D79F6 /* Pods_ExameniOS_ExameniOSUITests.framework */ = {isa = PBXFileReference; explicitFileType = wrapper.framework; includeInIndex = 0; path = Pods_ExameniOS_ExameniOSUITests.framework; sourceTree = BUILT_PRODUCTS_DIR; };
		0A01E8D4AA29199E0BEC9863 /* Pods-ExameniOSTests.release.xcconfig */ = {isa = PBXFileReference; includeInIndex = 1; lastKnownFileType = text.xcconfig; name = "Pods-ExameniOSTests.release.xcconfig"; path = "Target Support Files/Pods-ExameniOSTests/Pods-ExameniOSTests.release.xcconfig"; sourceTree = "<group>"; };
		1CF71F14499427565AF00931 /* Pods-ExameniOS.debug.xcconfig */ = {isa = PBXFileReference; includeInIndex = 1; lastKnownFileType = text.xcconfig; name = "Pods-ExameniOS.debug.xcconfig"; path = "Target Support Files/Pods-ExameniOS/Pods-ExameniOS.debug.xcconfig"; sourceTree = "<group>"; };
		306354F21E5CC7BF812E473E /* Pods-ExameniOS-ExameniOSUITests.release.xcconfig */ = {isa = PBXFileReference; includeInIndex = 1; lastKnownFileType = text.xcconfig; name = "Pods-ExameniOS-ExameniOSUITests.release.xcconfig"; path = "Target Support Files/Pods-ExameniOS-ExameniOSUITests/Pods-ExameniOS-ExameniOSUITests.release.xcconfig"; sourceTree = "<group>"; };
		394D030EC6375B73574CE764 /* Pods-ExameniOS-ExameniOSUITests.debug.xcconfig */ = {isa = PBXFileReference; includeInIndex = 1; lastKnownFileType = text.xcconfig; name = "Pods-ExameniOS-ExameniOSUITests.debug.xcconfig"; path = "Target Support Files/Pods-ExameniOS-ExameniOSUITests/Pods-ExameniOS-ExameniOSUITests.debug.xcconfig"; sourceTree = "<group>"; };
		63400E9A12E16297487B507D /* Pods_ExameniOSTests.framework */ = {isa = PBXFileReference; explicitFileType = wrapper.framework; includeInIndex = 0; path = Pods_ExameniOSTests.framework; sourceTree = BUILT_PRODUCTS_DIR; };
		93744F0628FF51BE00FC318E /* ExameniOS.app */ = {isa = PBXFileReference; explicitFileType = wrapper.application; includeInIndex = 0; path = ExameniOS.app; sourceTree = BUILT_PRODUCTS_DIR; };
		93744F0928FF51BE00FC318E /* AppDelegate.swift */ = {isa = PBXFileReference; lastKnownFileType = sourcecode.swift; path = AppDelegate.swift; sourceTree = "<group>"; };
		93744F0D28FF51BE00FC318E /* ViewController.swift */ = {isa = PBXFileReference; lastKnownFileType = sourcecode.swift; path = ViewController.swift; sourceTree = "<group>"; };
		93744F1028FF51BE00FC318E /* Base */ = {isa = PBXFileReference; lastKnownFileType = file.storyboard; name = Base; path = Base.lproj/Main.storyboard; sourceTree = "<group>"; };
		93744F1228FF51C100FC318E /* Assets.xcassets */ = {isa = PBXFileReference; lastKnownFileType = folder.assetcatalog; path = Assets.xcassets; sourceTree = "<group>"; };
		93744F1528FF51C100FC318E /* Base */ = {isa = PBXFileReference; lastKnownFileType = file.storyboard; name = Base; path = Base.lproj/LaunchScreen.storyboard; sourceTree = "<group>"; };
		93744F1728FF51C100FC318E /* Info.plist */ = {isa = PBXFileReference; lastKnownFileType = text.plist.xml; path = Info.plist; sourceTree = "<group>"; };
		93744F1C28FF51C100FC318E /* ExameniOSTests.xctest */ = {isa = PBXFileReference; explicitFileType = wrapper.cfbundle; includeInIndex = 0; path = ExameniOSTests.xctest; sourceTree = BUILT_PRODUCTS_DIR; };
		93744F2028FF51C100FC318E /* ExameniOSTests.swift */ = {isa = PBXFileReference; lastKnownFileType = sourcecode.swift; path = ExameniOSTests.swift; sourceTree = "<group>"; };
		93744F2628FF51C100FC318E /* ExameniOSUITests.xctest */ = {isa = PBXFileReference; explicitFileType = wrapper.cfbundle; includeInIndex = 0; path = ExameniOSUITests.xctest; sourceTree = BUILT_PRODUCTS_DIR; };
		93744F2A28FF51C100FC318E /* ExameniOSUITests.swift */ = {isa = PBXFileReference; lastKnownFileType = sourcecode.swift; path = ExameniOSUITests.swift; sourceTree = "<group>"; };
		93744F2C28FF51C100FC318E /* ExameniOSUITestsLaunchTests.swift */ = {isa = PBXFileReference; lastKnownFileType = sourcecode.swift; path = ExameniOSUITestsLaunchTests.swift; sourceTree = "<group>"; };
		9375F0C52900A5EF00EC9B8B /* GoogleService-Info.plist */ = {isa = PBXFileReference; fileEncoding = 4; lastKnownFileType = text.plist.xml; path = "GoogleService-Info.plist"; sourceTree = "<group>"; };
		9375F0D12900C68200EC9B8B /* ExameniOS-Bridging-Header.h */ = {isa = PBXFileReference; lastKnownFileType = sourcecode.c.h; path = "ExameniOS-Bridging-Header.h"; sourceTree = "<group>"; };
		9375F0D22900C68300EC9B8B /* MBProgressHUD.m */ = {isa = PBXFileReference; fileEncoding = 4; lastKnownFileType = sourcecode.c.objc; path = MBProgressHUD.m; sourceTree = "<group>"; };
		9375F0D32900C68500EC9B8B /* MBProgressHUD.h */ = {isa = PBXFileReference; fileEncoding = 4; lastKnownFileType = sourcecode.c.h; path = MBProgressHUD.h; sourceTree = "<group>"; };
		93DFB9B329010FDE00624205 /* ViewTMDB.swift */ = {isa = PBXFileReference; lastKnownFileType = sourcecode.swift; path = ViewTMDB.swift; sourceTree = "<group>"; };
		93DFB9B529010FF200624205 /* InteractorTMDB.swift */ = {isa = PBXFileReference; lastKnownFileType = sourcecode.swift; path = InteractorTMDB.swift; sourceTree = "<group>"; };
		93DFB9B72901100400624205 /* PresenterTMDB.swift */ = {isa = PBXFileReference; lastKnownFileType = sourcecode.swift; path = PresenterTMDB.swift; sourceTree = "<group>"; };
		93DFB9B92901101100624205 /* EntityTMDB.swift */ = {isa = PBXFileReference; lastKnownFileType = sourcecode.swift; path = EntityTMDB.swift; sourceTree = "<group>"; };
		93DFB9BB2901103700624205 /* RouterTMDB.swift */ = {isa = PBXFileReference; lastKnownFileType = sourcecode.swift; path = RouterTMDB.swift; sourceTree = "<group>"; };
		D960587C5540B74C39F3F971 /* Pods-ExameniOS.release.xcconfig */ = {isa = PBXFileReference; includeInIndex = 1; lastKnownFileType = text.xcconfig; name = "Pods-ExameniOS.release.xcconfig"; path = "Target Support Files/Pods-ExameniOS/Pods-ExameniOS.release.xcconfig"; sourceTree = "<group>"; };
		EE1CF5B90CCF5C6B69D378C2 /* Pods_ExameniOS.framework */ = {isa = PBXFileReference; explicitFileType = wrapper.framework; includeInIndex = 0; path = Pods_ExameniOS.framework; sourceTree = BUILT_PRODUCTS_DIR; };
		F97FE4504CA4E40480259CD9 /* Pods-ExameniOSTests.debug.xcconfig */ = {isa = PBXFileReference; includeInIndex = 1; lastKnownFileType = text.xcconfig; name = "Pods-ExameniOSTests.debug.xcconfig"; path = "Target Support Files/Pods-ExameniOSTests/Pods-ExameniOSTests.debug.xcconfig"; sourceTree = "<group>"; };
/* End PBXFileReference section */

/* Begin PBXFrameworksBuildPhase section */
		93744F0328FF51BE00FC318E /* Frameworks */ = {
			isa = PBXFrameworksBuildPhase;
			buildActionMask = 2147483647;
			files = (
				9375F0CB2900A88700EC9B8B /* FirebaseDatabase in Frameworks */,
				9375F0CD2900A88700EC9B8B /* FirebaseFirestore in Frameworks */,
				2292B5A56E6D4DD920AA3063 /* Pods_ExameniOS.framework in Frameworks */,
				9375F0CF2900A88700EC9B8B /* FirebaseStorage in Frameworks */,
				9375F0C92900A88700EC9B8B /* FirebaseAuth in Frameworks */,
			);
			runOnlyForDeploymentPostprocessing = 0;
		};
		93744F1928FF51C100FC318E /* Frameworks */ = {
			isa = PBXFrameworksBuildPhase;
			buildActionMask = 2147483647;
			files = (
				E05965F5EA8E367B4EDB6F50 /* Pods_ExameniOSTests.framework in Frameworks */,
			);
			runOnlyForDeploymentPostprocessing = 0;
		};
		93744F2328FF51C100FC318E /* Frameworks */ = {
			isa = PBXFrameworksBuildPhase;
			buildActionMask = 2147483647;
			files = (
				001DD28E55A628A70FCE97AA /* Pods_ExameniOS_ExameniOSUITests.framework in Frameworks */,
			);
			runOnlyForDeploymentPostprocessing = 0;
		};
/* End PBXFrameworksBuildPhase section */

/* Begin PBXGroup section */
		3BA5D9DE4A9B28E55F1B557D /* Pods */ = {
			isa = PBXGroup;
			children = (
				1CF71F14499427565AF00931 /* Pods-ExameniOS.debug.xcconfig */,
				D960587C5540B74C39F3F971 /* Pods-ExameniOS.release.xcconfig */,
				394D030EC6375B73574CE764 /* Pods-ExameniOS-ExameniOSUITests.debug.xcconfig */,
				306354F21E5CC7BF812E473E /* Pods-ExameniOS-ExameniOSUITests.release.xcconfig */,
				F97FE4504CA4E40480259CD9 /* Pods-ExameniOSTests.debug.xcconfig */,
				0A01E8D4AA29199E0BEC9863 /* Pods-ExameniOSTests.release.xcconfig */,
			);
			path = Pods;
			sourceTree = "<group>";
		};
		93744EFD28FF51BE00FC318E = {
			isa = PBXGroup;
			children = (
				93744F0828FF51BE00FC318E /* ExameniOS */,
				93744F1F28FF51C100FC318E /* ExameniOSTests */,
				93744F2928FF51C100FC318E /* ExameniOSUITests */,
				93744F0728FF51BE00FC318E /* Products */,
				3BA5D9DE4A9B28E55F1B557D /* Pods */,
				FEC992896D3ED9A1F1E739BA /* Frameworks */,
			);
			sourceTree = "<group>";
		};
		93744F0728FF51BE00FC318E /* Products */ = {
			isa = PBXGroup;
			children = (
				93744F0628FF51BE00FC318E /* ExameniOS.app */,
				93744F1C28FF51C100FC318E /* ExameniOSTests.xctest */,
				93744F2628FF51C100FC318E /* ExameniOSUITests.xctest */,
			);
			name = Products;
			sourceTree = "<group>";
		};
		93744F0828FF51BE00FC318E /* ExameniOS */ = {
			isa = PBXGroup;
			children = (
				9375F0D02900C66900EC9B8B /* MBProgress */,
				93744F0928FF51BE00FC318E /* AppDelegate.swift */,
				93DFB9B029010F2800624205 /* TMDB */,
				93744F0D28FF51BE00FC318E /* ViewController.swift */,
				93744F0F28FF51BE00FC318E /* Main.storyboard */,
				93744F1228FF51C100FC318E /* Assets.xcassets */,
				93744F1428FF51C100FC318E /* LaunchScreen.storyboard */,
				9375F0C52900A5EF00EC9B8B /* GoogleService-Info.plist */,
				93744F1728FF51C100FC318E /* Info.plist */,
			);
			path = ExameniOS;
			sourceTree = "<group>";
		};
		93744F1F28FF51C100FC318E /* ExameniOSTests */ = {
			isa = PBXGroup;
			children = (
				93744F2028FF51C100FC318E /* ExameniOSTests.swift */,
			);
			path = ExameniOSTests;
			sourceTree = "<group>";
		};
		93744F2928FF51C100FC318E /* ExameniOSUITests */ = {
			isa = PBXGroup;
			children = (
				93744F2A28FF51C100FC318E /* ExameniOSUITests.swift */,
				93744F2C28FF51C100FC318E /* ExameniOSUITestsLaunchTests.swift */,
			);
			path = ExameniOSUITests;
			sourceTree = "<group>";
		};
		9375F0D02900C66900EC9B8B /* MBProgress */ = {
			isa = PBXGroup;
			children = (
				9375F0D32900C68500EC9B8B /* MBProgressHUD.h */,
				9375F0D22900C68300EC9B8B /* MBProgressHUD.m */,
				9375F0D12900C68200EC9B8B /* ExameniOS-Bridging-Header.h */,
			);
			path = MBProgress;
			sourceTree = "<group>";
		};
		93DFB9B029010F2800624205 /* TMDB */ = {
			isa = PBXGroup;
			children = (
				93DFB9B329010FDE00624205 /* ViewTMDB.swift */,
				93DFB9B529010FF200624205 /* InteractorTMDB.swift */,
				93DFB9B72901100400624205 /* PresenterTMDB.swift */,
				93DFB9B92901101100624205 /* EntityTMDB.swift */,
				93DFB9BB2901103700624205 /* RouterTMDB.swift */,
			);
			path = TMDB;
			sourceTree = "<group>";
		};
		FEC992896D3ED9A1F1E739BA /* Frameworks */ = {
			isa = PBXGroup;
			children = (
				EE1CF5B90CCF5C6B69D378C2 /* Pods_ExameniOS.framework */,
				08B0DC8B5E9303D8EB5D79F6 /* Pods_ExameniOS_ExameniOSUITests.framework */,
				63400E9A12E16297487B507D /* Pods_ExameniOSTests.framework */,
			);
			name = Frameworks;
			sourceTree = "<group>";
		};
/* End PBXGroup section */

/* Begin PBXNativeTarget section */
		93744F0528FF51BE00FC318E /* ExameniOS */ = {
			isa = PBXNativeTarget;
			buildConfigurationList = 93744F3028FF51C100FC318E /* Build configuration list for PBXNativeTarget "ExameniOS" */;
			buildPhases = (
				D5024B1EBA7EFA3FB747317A /* [CP] Check Pods Manifest.lock */,
				93744F0228FF51BE00FC318E /* Sources */,
				93744F0328FF51BE00FC318E /* Frameworks */,
				93744F0428FF51BE00FC318E /* Resources */,
				BA4903A40237F4CB28B94845 /* [CP] Embed Pods Frameworks */,
			);
			buildRules = (
			);
			dependencies = (
			);
			name = ExameniOS;
			packageProductDependencies = (
				9375F0C82900A88700EC9B8B /* FirebaseAuth */,
				9375F0CA2900A88700EC9B8B /* FirebaseDatabase */,
				9375F0CC2900A88700EC9B8B /* FirebaseFirestore */,
				9375F0CE2900A88700EC9B8B /* FirebaseStorage */,
			);
			productName = ExameniOS;
			productReference = 93744F0628FF51BE00FC318E /* ExameniOS.app */;
			productType = "com.apple.product-type.application";
		};
		93744F1B28FF51C100FC318E /* ExameniOSTests */ = {
			isa = PBXNativeTarget;
			buildConfigurationList = 93744F3328FF51C100FC318E /* Build configuration list for PBXNativeTarget "ExameniOSTests" */;
			buildPhases = (
				419C73D7CED9C99F2D1728AB /* [CP] Check Pods Manifest.lock */,
				93744F1828FF51C100FC318E /* Sources */,
				93744F1928FF51C100FC318E /* Frameworks */,
				93744F1A28FF51C100FC318E /* Resources */,
			);
			buildRules = (
			);
			dependencies = (
				93744F1E28FF51C100FC318E /* PBXTargetDependency */,
			);
			name = ExameniOSTests;
			productName = ExameniOSTests;
			productReference = 93744F1C28FF51C100FC318E /* ExameniOSTests.xctest */;
			productType = "com.apple.product-type.bundle.unit-test";
		};
		93744F2528FF51C100FC318E /* ExameniOSUITests */ = {
			isa = PBXNativeTarget;
			buildConfigurationList = 93744F3628FF51C100FC318E /* Build configuration list for PBXNativeTarget "ExameniOSUITests" */;
			buildPhases = (
				134327A2DB80EB01ACD8198B /* [CP] Check Pods Manifest.lock */,
				93744F2228FF51C100FC318E /* Sources */,
				93744F2328FF51C100FC318E /* Frameworks */,
				93744F2428FF51C100FC318E /* Resources */,
				E06AA758A9162A3AAE26FF63 /* [CP] Embed Pods Frameworks */,
			);
			buildRules = (
			);
			dependencies = (
				93744F2828FF51C100FC318E /* PBXTargetDependency */,
			);
			name = ExameniOSUITests;
			productName = ExameniOSUITests;
			productReference = 93744F2628FF51C100FC318E /* ExameniOSUITests.xctest */;
			productType = "com.apple.product-type.bundle.ui-testing";
		};
/* End PBXNativeTarget section */

/* Begin PBXProject section */
		93744EFE28FF51BE00FC318E /* Project object */ = {
			isa = PBXProject;
			attributes = {
				BuildIndependentTargetsInParallel = 1;
				LastSwiftUpdateCheck = 1400;
				LastUpgradeCheck = 1400;
				TargetAttributes = {
					93744F0528FF51BE00FC318E = {
						CreatedOnToolsVersion = 14.0.1;
						LastSwiftMigration = 1400;
					};
					93744F1B28FF51C100FC318E = {
						CreatedOnToolsVersion = 14.0.1;
						TestTargetID = 93744F0528FF51BE00FC318E;
					};
					93744F2528FF51C100FC318E = {
						CreatedOnToolsVersion = 14.0.1;
						TestTargetID = 93744F0528FF51BE00FC318E;
					};
				};
			};
			buildConfigurationList = 93744F0128FF51BE00FC318E /* Build configuration list for PBXProject "ExameniOS" */;
			compatibilityVersion = "Xcode 14.0";
			developmentRegion = en;
			hasScannedForEncodings = 0;
			knownRegions = (
				en,
				Base,
			);
			mainGroup = 93744EFD28FF51BE00FC318E;
			packageReferences = (
				9375F0C72900A88700EC9B8B /* XCRemoteSwiftPackageReference "firebase-ios-sdk" */,
			);
			productRefGroup = 93744F0728FF51BE00FC318E /* Products */;
			projectDirPath = "";
			projectRoot = "";
			targets = (
				93744F0528FF51BE00FC318E /* ExameniOS */,
				93744F1B28FF51C100FC318E /* ExameniOSTests */,
				93744F2528FF51C100FC318E /* ExameniOSUITests */,
			);
		};
/* End PBXProject section */

/* Begin PBXResourcesBuildPhase section */
		93744F0428FF51BE00FC318E /* Resources */ = {
			isa = PBXResourcesBuildPhase;
			buildActionMask = 2147483647;
			files = (
				93744F1628FF51C100FC318E /* LaunchScreen.storyboard in Resources */,
				9375F0C62900A5EF00EC9B8B /* GoogleService-Info.plist in Resources */,
				93744F1328FF51C100FC318E /* Assets.xcassets in Resources */,
				93744F1128FF51BE00FC318E /* Main.storyboard in Resources */,
			);
			runOnlyForDeploymentPostprocessing = 0;
		};
		93744F1A28FF51C100FC318E /* Resources */ = {
			isa = PBXResourcesBuildPhase;
			buildActionMask = 2147483647;
			files = (
			);
			runOnlyForDeploymentPostprocessing = 0;
		};
		93744F2428FF51C100FC318E /* Resources */ = {
			isa = PBXResourcesBuildPhase;
			buildActionMask = 2147483647;
			files = (
			);
			runOnlyForDeploymentPostprocessing = 0;
		};
/* End PBXResourcesBuildPhase section */

/* Begin PBXShellScriptBuildPhase section */
		134327A2DB80EB01ACD8198B /* [CP] Check Pods Manifest.lock */ = {
			isa = PBXShellScriptBuildPhase;
			buildActionMask = 2147483647;
			files = (
			);
			inputFileListPaths = (
			);
			inputPaths = (
				"${PODS_PODFILE_DIR_PATH}/Podfile.lock",
				"${PODS_ROOT}/Manifest.lock",
			);
			name = "[CP] Check Pods Manifest.lock";
			outputFileListPaths = (
			);
			outputPaths = (
				"$(DERIVED_FILE_DIR)/Pods-ExameniOS-ExameniOSUITests-checkManifestLockResult.txt",
			);
			runOnlyForDeploymentPostprocessing = 0;
			shellPath = /bin/sh;
			shellScript = "diff \"${PODS_PODFILE_DIR_PATH}/Podfile.lock\" \"${PODS_ROOT}/Manifest.lock\" > /dev/null\nif [ $? != 0 ] ; then\n    # print error to STDERR\n    echo \"error: The sandbox is not in sync with the Podfile.lock. Run 'pod install' or update your CocoaPods installation.\" >&2\n    exit 1\nfi\n# This output is used by Xcode 'outputs' to avoid re-running this script phase.\necho \"SUCCESS\" > \"${SCRIPT_OUTPUT_FILE_0}\"\n";
			showEnvVarsInLog = 0;
		};
		419C73D7CED9C99F2D1728AB /* [CP] Check Pods Manifest.lock */ = {
			isa = PBXShellScriptBuildPhase;
			buildActionMask = 2147483647;
			files = (
			);
			inputFileListPaths = (
			);
			inputPaths = (
				"${PODS_PODFILE_DIR_PATH}/Podfile.lock",
				"${PODS_ROOT}/Manifest.lock",
			);
			name = "[CP] Check Pods Manifest.lock";
			outputFileListPaths = (
			);
			outputPaths = (
				"$(DERIVED_FILE_DIR)/Pods-ExameniOSTests-checkManifestLockResult.txt",
			);
			runOnlyForDeploymentPostprocessing = 0;
			shellPath = /bin/sh;
			shellScript = "diff \"${PODS_PODFILE_DIR_PATH}/Podfile.lock\" \"${PODS_ROOT}/Manifest.lock\" > /dev/null\nif [ $? != 0 ] ; then\n    # print error to STDERR\n    echo \"error: The sandbox is not in sync with the Podfile.lock. Run 'pod install' or update your CocoaPods installation.\" >&2\n    exit 1\nfi\n# This output is used by Xcode 'outputs' to avoid re-running this script phase.\necho \"SUCCESS\" > \"${SCRIPT_OUTPUT_FILE_0}\"\n";
			showEnvVarsInLog = 0;
		};
		BA4903A40237F4CB28B94845 /* [CP] Embed Pods Frameworks */ = {
			isa = PBXShellScriptBuildPhase;
			buildActionMask = 2147483647;
			files = (
			);
			inputFileListPaths = (
				"${PODS_ROOT}/Target Support Files/Pods-ExameniOS/Pods-ExameniOS-frameworks-${CONFIGURATION}-input-files.xcfilelist",
			);
			name = "[CP] Embed Pods Frameworks";
			outputFileListPaths = (
				"${PODS_ROOT}/Target Support Files/Pods-ExameniOS/Pods-ExameniOS-frameworks-${CONFIGURATION}-output-files.xcfilelist",
			);
			runOnlyForDeploymentPostprocessing = 0;
			shellPath = /bin/sh;
			shellScript = "\"${PODS_ROOT}/Target Support Files/Pods-ExameniOS/Pods-ExameniOS-frameworks.sh\"\n";
			showEnvVarsInLog = 0;
		};
		D5024B1EBA7EFA3FB747317A /* [CP] Check Pods Manifest.lock */ = {
			isa = PBXShellScriptBuildPhase;
			buildActionMask = 2147483647;
			files = (
			);
			inputFileListPaths = (
			);
			inputPaths = (
				"${PODS_PODFILE_DIR_PATH}/Podfile.lock",
				"${PODS_ROOT}/Manifest.lock",
			);
			name = "[CP] Check Pods Manifest.lock";
			outputFileListPaths = (
			);
			outputPaths = (
				"$(DERIVED_FILE_DIR)/Pods-ExameniOS-checkManifestLockResult.txt",
			);
			runOnlyForDeploymentPostprocessing = 0;
			shellPath = /bin/sh;
			shellScript = "diff \"${PODS_PODFILE_DIR_PATH}/Podfile.lock\" \"${PODS_ROOT}/Manifest.lock\" > /dev/null\nif [ $? != 0 ] ; then\n    # print error to STDERR\n    echo \"error: The sandbox is not in sync with the Podfile.lock. Run 'pod install' or update your CocoaPods installation.\" >&2\n    exit 1\nfi\n# This output is used by Xcode 'outputs' to avoid re-running this script phase.\necho \"SUCCESS\" > \"${SCRIPT_OUTPUT_FILE_0}\"\n";
			showEnvVarsInLog = 0;
		};
		E06AA758A9162A3AAE26FF63 /* [CP] Embed Pods Frameworks */ = {
			isa = PBXShellScriptBuildPhase;
			buildActionMask = 2147483647;
			files = (
			);
			inputFileListPaths = (
				"${PODS_ROOT}/Target Support Files/Pods-ExameniOS-ExameniOSUITests/Pods-ExameniOS-ExameniOSUITests-frameworks-${CONFIGURATION}-input-files.xcfilelist",
			);
			name = "[CP] Embed Pods Frameworks";
			outputFileListPaths = (
				"${PODS_ROOT}/Target Support Files/Pods-ExameniOS-ExameniOSUITests/Pods-ExameniOS-ExameniOSUITests-frameworks-${CONFIGURATION}-output-files.xcfilelist",
			);
			runOnlyForDeploymentPostprocessing = 0;
			shellPath = /bin/sh;
			shellScript = "\"${PODS_ROOT}/Target Support Files/Pods-ExameniOS-ExameniOSUITests/Pods-ExameniOS-ExameniOSUITests-frameworks.sh\"\n";
			showEnvVarsInLog = 0;
		};
/* End PBXShellScriptBuildPhase section */

/* Begin PBXSourcesBuildPhase section */
		93744F0228FF51BE00FC318E /* Sources */ = {
			isa = PBXSourcesBuildPhase;
			buildActionMask = 2147483647;
			files = (
				93744F0E28FF51BE00FC318E /* ViewController.swift in Sources */,
				93DFB9B629010FF200624205 /* InteractorTMDB.swift in Sources */,
				93DFB9B429010FDE00624205 /* ViewTMDB.swift in Sources */,
				93DFB9BC2901103700624205 /* RouterTMDB.swift in Sources */,
				9375F0D42900C68500EC9B8B /* MBProgressHUD.m in Sources */,
				93DFB9B82901100400624205 /* PresenterTMDB.swift in Sources */,
				93744F0A28FF51BE00FC318E /* AppDelegate.swift in Sources */,
				93DFB9BA2901101100624205 /* EntityTMDB.swift in Sources */,
			);
			runOnlyForDeploymentPostprocessing = 0;
		};
		93744F1828FF51C100FC318E /* Sources */ = {
			isa = PBXSourcesBuildPhase;
			buildActionMask = 2147483647;
			files = (
				93744F2128FF51C100FC318E /* ExameniOSTests.swift in Sources */,
			);
			runOnlyForDeploymentPostprocessing = 0;
		};
		93744F2228FF51C100FC318E /* Sources */ = {
			isa = PBXSourcesBuildPhase;
			buildActionMask = 2147483647;
			files = (
				93744F2D28FF51C100FC318E /* ExameniOSUITestsLaunchTests.swift in Sources */,
				93744F2B28FF51C100FC318E /* ExameniOSUITests.swift in Sources */,
			);
			runOnlyForDeploymentPostprocessing = 0;
		};
/* End PBXSourcesBuildPhase section */

/* Begin PBXTargetDependency section */
		93744F1E28FF51C100FC318E /* PBXTargetDependency */ = {
			isa = PBXTargetDependency;
			target = 93744F0528FF51BE00FC318E /* ExameniOS */;
			targetProxy = 93744F1D28FF51C100FC318E /* PBXContainerItemProxy */;
		};
		93744F2828FF51C100FC318E /* PBXTargetDependency */ = {
			isa = PBXTargetDependency;
			target = 93744F0528FF51BE00FC318E /* ExameniOS */;
			targetProxy = 93744F2728FF51C100FC318E /* PBXContainerItemProxy */;
		};
/* End PBXTargetDependency section */

/* Begin PBXVariantGroup section */
		93744F0F28FF51BE00FC318E /* Main.storyboard */ = {
			isa = PBXVariantGroup;
			children = (
				93744F1028FF51BE00FC318E /* Base */,
			);
			name = Main.storyboard;
			sourceTree = "<group>";
		};
		93744F1428FF51C100FC318E /* LaunchScreen.storyboard */ = {
			isa = PBXVariantGroup;
			children = (
				93744F1528FF51C100FC318E /* Base */,
			);
			name = LaunchScreen.storyboard;
			sourceTree = "<group>";
		};
/* End PBXVariantGroup section */

/* Begin XCBuildConfiguration section */
		93744F2E28FF51C100FC318E /* Debug */ = {
			isa = XCBuildConfiguration;
			buildSettings = {
				ALWAYS_SEARCH_USER_PATHS = NO;
				CLANG_ANALYZER_NONNULL = YES;
				CLANG_ANALYZER_NUMBER_OBJECT_CONVERSION = YES_AGGRESSIVE;
				CLANG_CXX_LANGUAGE_STANDARD = "gnu++20";
				CLANG_ENABLE_MODULES = YES;
				CLANG_ENABLE_OBJC_ARC = YES;
				CLANG_ENABLE_OBJC_WEAK = YES;
				CLANG_WARN_BLOCK_CAPTURE_AUTORELEASING = YES;
				CLANG_WARN_BOOL_CONVERSION = YES;
				CLANG_WARN_COMMA = YES;
				CLANG_WARN_CONSTANT_CONVERSION = YES;
				CLANG_WARN_DEPRECATED_OBJC_IMPLEMENTATIONS = YES;
				CLANG_WARN_DIRECT_OBJC_ISA_USAGE = YES_ERROR;
				CLANG_WARN_DOCUMENTATION_COMMENTS = YES;
				CLANG_WARN_EMPTY_BODY = YES;
				CLANG_WARN_ENUM_CONVERSION = YES;
				CLANG_WARN_INFINITE_RECURSION = YES;
				CLANG_WARN_INT_CONVERSION = YES;
				CLANG_WARN_NON_LITERAL_NULL_CONVERSION = YES;
				CLANG_WARN_OBJC_IMPLICIT_RETAIN_SELF = YES;
				CLANG_WARN_OBJC_LITERAL_CONVERSION = YES;
				CLANG_WARN_OBJC_ROOT_CLASS = YES_ERROR;
				CLANG_WARN_QUOTED_INCLUDE_IN_FRAMEWORK_HEADER = YES;
				CLANG_WARN_RANGE_LOOP_ANALYSIS = YES;
				CLANG_WARN_STRICT_PROTOTYPES = YES;
				CLANG_WARN_SUSPICIOUS_MOVE = YES;
				CLANG_WARN_UNGUARDED_AVAILABILITY = YES_AGGRESSIVE;
				CLANG_WARN_UNREACHABLE_CODE = YES;
				CLANG_WARN__DUPLICATE_METHOD_MATCH = YES;
				COPY_PHASE_STRIP = NO;
				DEBUG_INFORMATION_FORMAT = dwarf;
				ENABLE_STRICT_OBJC_MSGSEND = YES;
				ENABLE_TESTABILITY = YES;
				GCC_C_LANGUAGE_STANDARD = gnu11;
				GCC_DYNAMIC_NO_PIC = NO;
				GCC_NO_COMMON_BLOCKS = YES;
				GCC_OPTIMIZATION_LEVEL = 0;
				GCC_PREPROCESSOR_DEFINITIONS = (
					"DEBUG=1",
					"$(inherited)",
				);
				GCC_WARN_64_TO_32_BIT_CONVERSION = YES;
				GCC_WARN_ABOUT_RETURN_TYPE = YES_ERROR;
				GCC_WARN_UNDECLARED_SELECTOR = YES;
				GCC_WARN_UNINITIALIZED_AUTOS = YES_AGGRESSIVE;
				GCC_WARN_UNUSED_FUNCTION = YES;
				GCC_WARN_UNUSED_VARIABLE = YES;
				IPHONEOS_DEPLOYMENT_TARGET = 16.0;
				MTL_ENABLE_DEBUG_INFO = INCLUDE_SOURCE;
				MTL_FAST_MATH = YES;
				ONLY_ACTIVE_ARCH = YES;
				SDKROOT = iphoneos;
				SWIFT_ACTIVE_COMPILATION_CONDITIONS = DEBUG;
				SWIFT_OPTIMIZATION_LEVEL = "-Onone";
			};
			name = Debug;
		};
		93744F2F28FF51C100FC318E /* Release */ = {
			isa = XCBuildConfiguration;
			buildSettings = {
				ALWAYS_SEARCH_USER_PATHS = NO;
				CLANG_ANALYZER_NONNULL = YES;
				CLANG_ANALYZER_NUMBER_OBJECT_CONVERSION = YES_AGGRESSIVE;
				CLANG_CXX_LANGUAGE_STANDARD = "gnu++20";
				CLANG_ENABLE_MODULES = YES;
				CLANG_ENABLE_OBJC_ARC = YES;
				CLANG_ENABLE_OBJC_WEAK = YES;
				CLANG_WARN_BLOCK_CAPTURE_AUTORELEASING = YES;
				CLANG_WARN_BOOL_CONVERSION = YES;
				CLANG_WARN_COMMA = YES;
				CLANG_WARN_CONSTANT_CONVERSION = YES;
				CLANG_WARN_DEPRECATED_OBJC_IMPLEMENTATIONS = YES;
				CLANG_WARN_DIRECT_OBJC_ISA_USAGE = YES_ERROR;
				CLANG_WARN_DOCUMENTATION_COMMENTS = YES;
				CLANG_WARN_EMPTY_BODY = YES;
				CLANG_WARN_ENUM_CONVERSION = YES;
				CLANG_WARN_INFINITE_RECURSION = YES;
				CLANG_WARN_INT_CONVERSION = YES;
				CLANG_WARN_NON_LITERAL_NULL_CONVERSION = YES;
				CLANG_WARN_OBJC_IMPLICIT_RETAIN_SELF = YES;
				CLANG_WARN_OBJC_LITERAL_CONVERSION = YES;
				CLANG_WARN_OBJC_ROOT_CLASS = YES_ERROR;
				CLANG_WARN_QUOTED_INCLUDE_IN_FRAMEWORK_HEADER = YES;
				CLANG_WARN_RANGE_LOOP_ANALYSIS = YES;
				CLANG_WARN_STRICT_PROTOTYPES = YES;
				CLANG_WARN_SUSPICIOUS_MOVE = YES;
				CLANG_WARN_UNGUARDED_AVAILABILITY = YES_AGGRESSIVE;
				CLANG_WARN_UNREACHABLE_CODE = YES;
				CLANG_WARN__DUPLICATE_METHOD_MATCH = YES;
				COPY_PHASE_STRIP = NO;
				DEBUG_INFORMATION_FORMAT = "dwarf-with-dsym";
				ENABLE_NS_ASSERTIONS = NO;
				ENABLE_STRICT_OBJC_MSGSEND = YES;
				GCC_C_LANGUAGE_STANDARD = gnu11;
				GCC_NO_COMMON_BLOCKS = YES;
				GCC_WARN_64_TO_32_BIT_CONVERSION = YES;
				GCC_WARN_ABOUT_RETURN_TYPE = YES_ERROR;
				GCC_WARN_UNDECLARED_SELECTOR = YES;
				GCC_WARN_UNINITIALIZED_AUTOS = YES_AGGRESSIVE;
				GCC_WARN_UNUSED_FUNCTION = YES;
				GCC_WARN_UNUSED_VARIABLE = YES;
				IPHONEOS_DEPLOYMENT_TARGET = 16.0;
				MTL_ENABLE_DEBUG_INFO = NO;
				MTL_FAST_MATH = YES;
				SDKROOT = iphoneos;
				SWIFT_COMPILATION_MODE = wholemodule;
				SWIFT_OPTIMIZATION_LEVEL = "-O";
				VALIDATE_PRODUCT = YES;
			};
			name = Release;
		};
		93744F3128FF51C100FC318E /* Debug */ = {
			isa = XCBuildConfiguration;
			baseConfigurationReference = 1CF71F14499427565AF00931 /* Pods-ExameniOS.debug.xcconfig */;
			buildSettings = {
				ASSETCATALOG_COMPILER_APPICON_NAME = AppIcon;
				ASSETCATALOG_COMPILER_GLOBAL_ACCENT_COLOR_NAME = AccentColor;
				CLANG_ENABLE_MODULES = YES;
				CODE_SIGN_STYLE = Automatic;
				CURRENT_PROJECT_VERSION = 1;
				DEVELOPMENT_TEAM = 62X9Z2N3KR;
				GENERATE_INFOPLIST_FILE = YES;
				INFOPLIST_FILE = ExameniOS/Info.plist;
				INFOPLIST_KEY_NSCameraUsageDescription = "$(PRODUCT_NAME) necesita usar la cámara";
				INFOPLIST_KEY_NSPhotoLibraryUsageDescription = "$(PRODUCT_NAME) necesita acceder a tus fotos";
				INFOPLIST_KEY_UIApplicationSupportsIndirectInputEvents = YES;
				INFOPLIST_KEY_UILaunchStoryboardName = LaunchScreen.storyboard;
				INFOPLIST_KEY_UIMainStoryboardFile = Main;
				INFOPLIST_KEY_UISupportedInterfaceOrientations = UIInterfaceOrientationPortrait;
				INFOPLIST_KEY_UISupportedInterfaceOrientations_iPad = "UIInterfaceOrientationLandscapeLeft UIInterfaceOrientationLandscapeRight UIInterfaceOrientationPortrait UIInterfaceOrientationPortraitUpsideDown";
				LD_RUNPATH_SEARCH_PATHS = (
					"$(inherited)",
					"@executable_path/Frameworks",
				);
				MARKETING_VERSION = 1.0;
				PRODUCT_BUNDLE_IDENTIFIER = com.mx.coderoi.ExameniOS;
				PRODUCT_NAME = "$(TARGET_NAME)";
				SUPPORTED_PLATFORMS = "iphoneos iphonesimulator";
				SUPPORTS_MACCATALYST = NO;
				SUPPORTS_MAC_DESIGNED_FOR_IPHONE_IPAD = NO;
				SWIFT_EMIT_LOC_STRINGS = YES;
				SWIFT_OBJC_BRIDGING_HEADER = "ExameniOS/MBProgress/ExameniOS-Bridging-Header.h";
				SWIFT_OPTIMIZATION_LEVEL = "-Onone";
				SWIFT_VERSION = 4.2;
				TARGETED_DEVICE_FAMILY = 1;
			};
			name = Debug;
		};
		93744F3228FF51C100FC318E /* Release */ = {
			isa = XCBuildConfiguration;
			baseConfigurationReference = D960587C5540B74C39F3F971 /* Pods-ExameniOS.release.xcconfig */;
			buildSettings = {
				ASSETCATALOG_COMPILER_APPICON_NAME = AppIcon;
				ASSETCATALOG_COMPILER_GLOBAL_ACCENT_COLOR_NAME = AccentColor;
				CLANG_ENABLE_MODULES = YES;
				CODE_SIGN_STYLE = Automatic;
				CURRENT_PROJECT_VERSION = 1;
				DEVELOPMENT_TEAM = 62X9Z2N3KR;
				GENERATE_INFOPLIST_FILE = YES;
				INFOPLIST_FILE = ExameniOS/Info.plist;
				INFOPLIST_KEY_NSCameraUsageDescription = "$(PRODUCT_NAME) necesita usar la cámara";
				INFOPLIST_KEY_NSPhotoLibraryUsageDescription = "$(PRODUCT_NAME) necesita acceder a tus fotos";
				INFOPLIST_KEY_UIApplicationSupportsIndirectInputEvents = YES;
				INFOPLIST_KEY_UILaunchStoryboardName = LaunchScreen.storyboard;
				INFOPLIST_KEY_UIMainStoryboardFile = Main;
				INFOPLIST_KEY_UISupportedInterfaceOrientations = UIInterfaceOrientationPortrait;
				INFOPLIST_KEY_UISupportedInterfaceOrientations_iPad = "UIInterfaceOrientationLandscapeLeft UIInterfaceOrientationLandscapeRight UIInterfaceOrientationPortrait UIInterfaceOrientationPortraitUpsideDown";
				LD_RUNPATH_SEARCH_PATHS = (
					"$(inherited)",
					"@executable_path/Frameworks",
				);
				MARKETING_VERSION = 1.0;
				PRODUCT_BUNDLE_IDENTIFIER = com.mx.coderoi.ExameniOS;
				PRODUCT_NAME = "$(TARGET_NAME)";
				SUPPORTED_PLATFORMS = "iphoneos iphonesimulator";
				SUPPORTS_MACCATALYST = NO;
				SUPPORTS_MAC_DESIGNED_FOR_IPHONE_IPAD = NO;
				SWIFT_EMIT_LOC_STRINGS = YES;
				SWIFT_OBJC_BRIDGING_HEADER = "ExameniOS/MBProgress/ExameniOS-Bridging-Header.h";
				SWIFT_VERSION = 4.2;
				TARGETED_DEVICE_FAMILY = 1;
			};
			name = Release;
		};
		93744F3428FF51C100FC318E /* Debug */ = {
			isa = XCBuildConfiguration;
			baseConfigurationReference = F97FE4504CA4E40480259CD9 /* Pods-ExameniOSTests.debug.xcconfig */;
			buildSettings = {
				ALWAYS_EMBED_SWIFT_STANDARD_LIBRARIES = YES;
				BUNDLE_LOADER = "$(TEST_HOST)";
				CODE_SIGN_STYLE = Automatic;
				CURRENT_PROJECT_VERSION = 1;
				DEVELOPMENT_TEAM = 62X9Z2N3KR;
				GENERATE_INFOPLIST_FILE = YES;
				IPHONEOS_DEPLOYMENT_TARGET = 16.0;
				MARKETING_VERSION = 1.0;
				PRODUCT_BUNDLE_IDENTIFIER = com.mx.coderoi.ExameniOSTests;
				PRODUCT_NAME = "$(TARGET_NAME)";
				SWIFT_EMIT_LOC_STRINGS = NO;
				SWIFT_VERSION = 5.0;
				TARGETED_DEVICE_FAMILY = "1,2";
				TEST_HOST = "$(BUILT_PRODUCTS_DIR)/ExameniOS.app/$(BUNDLE_EXECUTABLE_FOLDER_PATH)/ExameniOS";
			};
			name = Debug;
		};
		93744F3528FF51C100FC318E /* Release */ = {
			isa = XCBuildConfiguration;
			baseConfigurationReference = 0A01E8D4AA29199E0BEC9863 /* Pods-ExameniOSTests.release.xcconfig */;
			buildSettings = {
				ALWAYS_EMBED_SWIFT_STANDARD_LIBRARIES = YES;
				BUNDLE_LOADER = "$(TEST_HOST)";
				CODE_SIGN_STYLE = Automatic;
				CURRENT_PROJECT_VERSION = 1;
				DEVELOPMENT_TEAM = 62X9Z2N3KR;
				GENERATE_INFOPLIST_FILE = YES;
				IPHONEOS_DEPLOYMENT_TARGET = 16.0;
				MARKETING_VERSION = 1.0;
				PRODUCT_BUNDLE_IDENTIFIER = com.mx.coderoi.ExameniOSTests;
				PRODUCT_NAME = "$(TARGET_NAME)";
				SWIFT_EMIT_LOC_STRINGS = NO;
				SWIFT_VERSION = 5.0;
				TARGETED_DEVICE_FAMILY = "1,2";
				TEST_HOST = "$(BUILT_PRODUCTS_DIR)/ExameniOS.app/$(BUNDLE_EXECUTABLE_FOLDER_PATH)/ExameniOS";
			};
			name = Release;
		};
		93744F3728FF51C100FC318E /* Debug */ = {
			isa = XCBuildConfiguration;
			baseConfigurationReference = 394D030EC6375B73574CE764 /* Pods-ExameniOS-ExameniOSUITests.debug.xcconfig */;
			buildSettings = {
				ALWAYS_EMBED_SWIFT_STANDARD_LIBRARIES = YES;
				CODE_SIGN_STYLE = Automatic;
				CURRENT_PROJECT_VERSION = 1;
				DEVELOPMENT_TEAM = 62X9Z2N3KR;
				GENERATE_INFOPLIST_FILE = YES;
				MARKETING_VERSION = 1.0;
				PRODUCT_BUNDLE_IDENTIFIER = com.mx.coderoi.ExameniOSUITests;
				PRODUCT_NAME = "$(TARGET_NAME)";
				SWIFT_EMIT_LOC_STRINGS = NO;
				SWIFT_VERSION = 5.0;
				TARGETED_DEVICE_FAMILY = "1,2";
				TEST_TARGET_NAME = ExameniOS;
			};
			name = Debug;
		};
		93744F3828FF51C100FC318E /* Release */ = {
			isa = XCBuildConfiguration;
			baseConfigurationReference = 306354F21E5CC7BF812E473E /* Pods-ExameniOS-ExameniOSUITests.release.xcconfig */;
			buildSettings = {
				ALWAYS_EMBED_SWIFT_STANDARD_LIBRARIES = YES;
				CODE_SIGN_STYLE = Automatic;
				CURRENT_PROJECT_VERSION = 1;
				DEVELOPMENT_TEAM = 62X9Z2N3KR;
				GENERATE_INFOPLIST_FILE = YES;
				MARKETING_VERSION = 1.0;
				PRODUCT_BUNDLE_IDENTIFIER = com.mx.coderoi.ExameniOSUITests;
				PRODUCT_NAME = "$(TARGET_NAME)";
				SWIFT_EMIT_LOC_STRINGS = NO;
				SWIFT_VERSION = 5.0;
				TARGETED_DEVICE_FAMILY = "1,2";
				TEST_TARGET_NAME = ExameniOS;
			};
			name = Release;
		};
/* End XCBuildConfiguration section */

/* Begin XCConfigurationList section */
		93744F0128FF51BE00FC318E /* Build configuration list for PBXProject "ExameniOS" */ = {
			isa = XCConfigurationList;
			buildConfigurations = (
				93744F2E28FF51C100FC318E /* Debug */,
				93744F2F28FF51C100FC318E /* Release */,
			);
			defaultConfigurationIsVisible = 0;
			defaultConfigurationName = Release;
		};
		93744F3028FF51C100FC318E /* Build configuration list for PBXNativeTarget "ExameniOS" */ = {
			isa = XCConfigurationList;
			buildConfigurations = (
				93744F3128FF51C100FC318E /* Debug */,
				93744F3228FF51C100FC318E /* Release */,
			);
			defaultConfigurationIsVisible = 0;
			defaultConfigurationName = Release;
		};
		93744F3328FF51C100FC318E /* Build configuration list for PBXNativeTarget "ExameniOSTests" */ = {
			isa = XCConfigurationList;
			buildConfigurations = (
				93744F3428FF51C100FC318E /* Debug */,
				93744F3528FF51C100FC318E /* Release */,
			);
			defaultConfigurationIsVisible = 0;
			defaultConfigurationName = Release;
		};
		93744F3628FF51C100FC318E /* Build configuration list for PBXNativeTarget "ExameniOSUITests" */ = {
			isa = XCConfigurationList;
			buildConfigurations = (
				93744F3728FF51C100FC318E /* Debug */,
				93744F3828FF51C100FC318E /* Release */,
			);
			defaultConfigurationIsVisible = 0;
			defaultConfigurationName = Release;
		};
/* End XCConfigurationList section */

/* Begin XCRemoteSwiftPackageReference section */
		9375F0C72900A88700EC9B8B /* XCRemoteSwiftPackageReference "firebase-ios-sdk" */ = {
			isa = XCRemoteSwiftPackageReference;
			repositoryURL = "https://github.com/firebase/firebase-ios-sdk";
			requirement = {
				kind = upToNextMajorVersion;
				minimumVersion = 9.0.0;
			};
		};
/* End XCRemoteSwiftPackageReference section */

/* Begin XCSwiftPackageProductDependency section */
		9375F0C82900A88700EC9B8B /* FirebaseAuth */ = {
			isa = XCSwiftPackageProductDependency;
			package = 9375F0C72900A88700EC9B8B /* XCRemoteSwiftPackageReference "firebase-ios-sdk" */;
			productName = FirebaseAuth;
		};
		9375F0CA2900A88700EC9B8B /* FirebaseDatabase */ = {
			isa = XCSwiftPackageProductDependency;
			package = 9375F0C72900A88700EC9B8B /* XCRemoteSwiftPackageReference "firebase-ios-sdk" */;
			productName = FirebaseDatabase;
		};
		9375F0CC2900A88700EC9B8B /* FirebaseFirestore */ = {
			isa = XCSwiftPackageProductDependency;
			package = 9375F0C72900A88700EC9B8B /* XCRemoteSwiftPackageReference "firebase-ios-sdk" */;
			productName = FirebaseFirestore;
		};
		9375F0CE2900A88700EC9B8B /* FirebaseStorage */ = {
			isa = XCSwiftPackageProductDependency;
			package = 9375F0C72900A88700EC9B8B /* XCRemoteSwiftPackageReference "firebase-ios-sdk" */;
			productName = FirebaseStorage;
		};
/* End XCSwiftPackageProductDependency section */
	};
	rootObject = 93744EFE28FF51BE00FC318E /* Project object */;
}
